// !$*UTF8*$!
{
	archiveVersion = 1;
	classes = {
	};
	objectVersion = 46;
	objects = {

/* Begin PBXBuildFile section */
		041FE1F11E0A2AE600CC7DFB /* AppDelegate.swift in Sources */ = {isa = PBXBuildFile; fileRef = 041FE1F01E0A2AE600CC7DFB /* AppDelegate.swift */; };
		041FE1F81E0A2AE600CC7DFB /* Main.storyboard in Resources */ = {isa = PBXBuildFile; fileRef = 041FE1F61E0A2AE600CC7DFB /* Main.storyboard */; };
		041FE1FA1E0A2AE700CC7DFB /* Assets.xcassets in Resources */ = {isa = PBXBuildFile; fileRef = 041FE1F91E0A2AE700CC7DFB /* Assets.xcassets */; };
		041FE1FD1E0A2AE700CC7DFB /* LaunchScreen.storyboard in Resources */ = {isa = PBXBuildFile; fileRef = 041FE1FB1E0A2AE700CC7DFB /* LaunchScreen.storyboard */; };
		04DF89201E0B4CE20013C2A6 /* QuestionTableViewController.swift in Sources */ = {isa = PBXBuildFile; fileRef = 04DF891F1E0B4CE20013C2A6 /* QuestionTableViewController.swift */; };
		04DF89241E0B71D90013C2A6 /* QuestionTableViewCell.swift in Sources */ = {isa = PBXBuildFile; fileRef = 04DF89231E0B71D90013C2A6 /* QuestionTableViewCell.swift */; };
		ADEFB07487E76C7A15D2645F /* Pods_agora_ios.framework in Frameworks */ = {isa = PBXBuildFile; fileRef = EAC7D148EF9B215588F578A9 /* Pods_agora_ios.framework */; };
/* End PBXBuildFile section */

/* Begin PBXFileReference section */
		041FE1ED1E0A2AE600CC7DFB /* agora-ios.app */ = {isa = PBXFileReference; explicitFileType = wrapper.application; includeInIndex = 0; path = "agora-ios.app"; sourceTree = BUILT_PRODUCTS_DIR; };
		041FE1F01E0A2AE600CC7DFB /* AppDelegate.swift */ = {isa = PBXFileReference; lastKnownFileType = sourcecode.swift; path = AppDelegate.swift; sourceTree = "<group>"; };
		041FE1F71E0A2AE600CC7DFB /* Base */ = {isa = PBXFileReference; lastKnownFileType = file.storyboard; name = Base; path = Base.lproj/Main.storyboard; sourceTree = "<group>"; };
		041FE1F91E0A2AE700CC7DFB /* Assets.xcassets */ = {isa = PBXFileReference; lastKnownFileType = folder.assetcatalog; path = Assets.xcassets; sourceTree = "<group>"; };
		041FE1FC1E0A2AE700CC7DFB /* Base */ = {isa = PBXFileReference; lastKnownFileType = file.storyboard; name = Base; path = Base.lproj/LaunchScreen.storyboard; sourceTree = "<group>"; };
		041FE1FE1E0A2AE700CC7DFB /* Info.plist */ = {isa = PBXFileReference; lastKnownFileType = text.plist.xml; path = Info.plist; sourceTree = "<group>"; };
		04DF891F1E0B4CE20013C2A6 /* QuestionTableViewController.swift */ = {isa = PBXFileReference; fileEncoding = 4; lastKnownFileType = sourcecode.swift; path = QuestionTableViewController.swift; sourceTree = "<group>"; };
		04DF89231E0B71D90013C2A6 /* QuestionTableViewCell.swift */ = {isa = PBXFileReference; fileEncoding = 4; lastKnownFileType = sourcecode.swift; path = QuestionTableViewCell.swift; sourceTree = "<group>"; };
		B16385926A1A301448AFE4DF /* Pods-agora-ios.release.xcconfig */ = {isa = PBXFileReference; includeInIndex = 1; lastKnownFileType = text.xcconfig; name = "Pods-agora-ios.release.xcconfig"; path = "Pods/Target Support Files/Pods-agora-ios/Pods-agora-ios.release.xcconfig"; sourceTree = "<group>"; };
		E94B4572F538728D07073430 /* Pods-agora-ios.debug.xcconfig */ = {isa = PBXFileReference; includeInIndex = 1; lastKnownFileType = text.xcconfig; name = "Pods-agora-ios.debug.xcconfig"; path = "Pods/Target Support Files/Pods-agora-ios/Pods-agora-ios.debug.xcconfig"; sourceTree = "<group>"; };
		EAC7D148EF9B215588F578A9 /* Pods_agora_ios.framework */ = {isa = PBXFileReference; explicitFileType = wrapper.framework; includeInIndex = 0; path = Pods_agora_ios.framework; sourceTree = BUILT_PRODUCTS_DIR; };
/* End PBXFileReference section */

/* Begin PBXFrameworksBuildPhase section */
		041FE1EA1E0A2AE600CC7DFB /* Frameworks */ = {
			isa = PBXFrameworksBuildPhase;
			buildActionMask = 2147483647;
			files = (
				ADEFB07487E76C7A15D2645F /* Pods_agora_ios.framework in Frameworks */,
			);
			runOnlyForDeploymentPostprocessing = 0;
		};
/* End PBXFrameworksBuildPhase section */

/* Begin PBXGroup section */
		041FE1E41E0A2AE600CC7DFB = {
			isa = PBXGroup;
			children = (
				041FE1EF1E0A2AE600CC7DFB /* agora-ios */,
				041FE1EE1E0A2AE600CC7DFB /* Products */,
				4924F2B63AA82C196D5F7E4A /* Pods */,
				26780043513F6DC6CEBAC796 /* Frameworks */,
			);
			sourceTree = "<group>";
		};
		041FE1EE1E0A2AE600CC7DFB /* Products */ = {
			isa = PBXGroup;
			children = (
				041FE1ED1E0A2AE600CC7DFB /* agora-ios.app */,
			);
			name = Products;
			sourceTree = "<group>";
		};
		041FE1EF1E0A2AE600CC7DFB /* agora-ios */ = {
			isa = PBXGroup;
			children = (
				041FE1F01E0A2AE600CC7DFB /* AppDelegate.swift */,
				04DF891F1E0B4CE20013C2A6 /* QuestionTableViewController.swift */,
				04DF89231E0B71D90013C2A6 /* QuestionTableViewCell.swift */,
				041FE1F61E0A2AE600CC7DFB /* Main.storyboard */,
				041FE1F91E0A2AE700CC7DFB /* Assets.xcassets */,
				041FE1FB1E0A2AE700CC7DFB /* LaunchScreen.storyboard */,
				041FE1FE1E0A2AE700CC7DFB /* Info.plist */,
			);
			path = "agora-ios";
			sourceTree = "<group>";
		};
		26780043513F6DC6CEBAC796 /* Frameworks */ = {
			isa = PBXGroup;
			children = (
				EAC7D148EF9B215588F578A9 /* Pods_agora_ios.framework */,
			);
			name = Frameworks;
			sourceTree = "<group>";
		};
		4924F2B63AA82C196D5F7E4A /* Pods */ = {
			isa = PBXGroup;
			children = (
				E94B4572F538728D07073430 /* Pods-agora-ios.debug.xcconfig */,
				B16385926A1A301448AFE4DF /* Pods-agora-ios.release.xcconfig */,
			);
			name = Pods;
			sourceTree = "<group>";
		};
/* End PBXGroup section */

/* Begin PBXNativeTarget section */
		041FE1EC1E0A2AE600CC7DFB /* agora-ios */ = {
			isa = PBXNativeTarget;
			buildConfigurationList = 041FE2011E0A2AE700CC7DFB /* Build configuration list for PBXNativeTarget "agora-ios" */;
			buildPhases = (
				F061BEEE997BCAB214D520BE /* [CP] Check Pods Manifest.lock */,
				041FE1E91E0A2AE600CC7DFB /* Sources */,
				041FE1EA1E0A2AE600CC7DFB /* Frameworks */,
				041FE1EB1E0A2AE600CC7DFB /* Resources */,
				62BD9F1649AB37AFB1312892 /* [CP] Embed Pods Frameworks */,
				534D7BCC78A294F3772DC4CB /* [CP] Copy Pods Resources */,
			);
			buildRules = (
			);
			dependencies = (
			);
			name = "agora-ios";
			productName = "agora-ios";
			productReference = 041FE1ED1E0A2AE600CC7DFB /* agora-ios.app */;
			productType = "com.apple.product-type.application";
		};
/* End PBXNativeTarget section */

/* Begin PBXProject section */
		041FE1E51E0A2AE600CC7DFB /* Project object */ = {
			isa = PBXProject;
			attributes = {
				LastSwiftUpdateCheck = 0820;
				LastUpgradeCheck = 0820;
				ORGANIZATIONNAME = "This Agora";
				TargetAttributes = {
					041FE1EC1E0A2AE600CC7DFB = {
						CreatedOnToolsVersion = 8.2;
						ProvisioningStyle = Automatic;
					};
				};
			};
			buildConfigurationList = 041FE1E81E0A2AE600CC7DFB /* Build configuration list for PBXProject "agora-ios" */;
			compatibilityVersion = "Xcode 3.2";
			developmentRegion = English;
			hasScannedForEncodings = 0;
			knownRegions = (
				en,
				Base,
			);
			mainGroup = 041FE1E41E0A2AE600CC7DFB;
			productRefGroup = 041FE1EE1E0A2AE600CC7DFB /* Products */;
			projectDirPath = "";
			projectRoot = "";
			targets = (
				041FE1EC1E0A2AE600CC7DFB /* agora-ios */,
			);
		};
/* End PBXProject section */

/* Begin PBXResourcesBuildPhase section */
		041FE1EB1E0A2AE600CC7DFB /* Resources */ = {
			isa = PBXResourcesBuildPhase;
			buildActionMask = 2147483647;
			files = (
				041FE1FD1E0A2AE700CC7DFB /* LaunchScreen.storyboard in Resources */,
				041FE1FA1E0A2AE700CC7DFB /* Assets.xcassets in Resources */,
				041FE1F81E0A2AE600CC7DFB /* Main.storyboard in Resources */,
			);
			runOnlyForDeploymentPostprocessing = 0;
		};
/* End PBXResourcesBuildPhase section */

/* Begin PBXShellScriptBuildPhase section */
		534D7BCC78A294F3772DC4CB /* [CP] Copy Pods Resources */ = {
			isa = PBXShellScriptBuildPhase;
			buildActionMask = 2147483647;
			files = (
			);
			inputPaths = (
			);
			name = "[CP] Copy Pods Resources";
			outputPaths = (
			);
			runOnlyForDeploymentPostprocessing = 0;
			shellPath = /bin/sh;
			shellScript = "\"${SRCROOT}/Pods/Target Support Files/Pods-agora-ios/Pods-agora-ios-resources.sh\"\n";
			showEnvVarsInLog = 0;
		};
		62BD9F1649AB37AFB1312892 /* [CP] Embed Pods Frameworks */ = {
			isa = PBXShellScriptBuildPhase;
			buildActionMask = 2147483647;
			files = (
			);
			inputPaths = (
			);
			name = "[CP] Embed Pods Frameworks";
			outputPaths = (
			);
			runOnlyForDeploymentPostprocessing = 0;
			shellPath = /bin/sh;
			shellScript = "\"${SRCROOT}/Pods/Target Support Files/Pods-agora-ios/Pods-agora-ios-frameworks.sh\"\n";
			showEnvVarsInLog = 0;
		};
		F061BEEE997BCAB214D520BE /* [CP] Check Pods Manifest.lock */ = {
			isa = PBXShellScriptBuildPhase;
			buildActionMask = 2147483647;
			files = (
			);
			inputPaths = (
			);
			name = "[CP] Check Pods Manifest.lock";
			outputPaths = (
			);
			runOnlyForDeploymentPostprocessing = 0;
			shellPath = /bin/sh;
			shellScript = "diff \"${PODS_ROOT}/../Podfile.lock\" \"${PODS_ROOT}/Manifest.lock\" > /dev/null\nif [ $? != 0 ] ; then\n    # print error to STDERR\n    echo \"error: The sandbox is not in sync with the Podfile.lock. Run 'pod install' or update your CocoaPods installation.\" >&2\n    exit 1\nfi\n";
			showEnvVarsInLog = 0;
		};
/* End PBXShellScriptBuildPhase section */

/* Begin PBXSourcesBuildPhase section */
		041FE1E91E0A2AE600CC7DFB /* Sources */ = {
			isa = PBXSourcesBuildPhase;
			buildActionMask = 2147483647;
			files = (
				04DF89241E0B71D90013C2A6 /* QuestionTableViewCell.swift in Sources */,
				04DF89201E0B4CE20013C2A6 /* QuestionTableViewController.swift in Sources */,
				041FE1F11E0A2AE600CC7DFB /* AppDelegate.swift in Sources */,
			);
			runOnlyForDeploymentPostprocessing = 0;
		};
/* End PBXSourcesBuildPhase section */

/* Begin PBXVariantGroup section */
		041FE1F61E0A2AE600CC7DFB /* Main.storyboard */ = {
			isa = PBXVariantGroup;
			children = (
				041FE1F71E0A2AE600CC7DFB /* Base */,
			);
			name = Main.storyboard;
			sourceTree = "<group>";
		};
		041FE1FB1E0A2AE700CC7DFB /* LaunchScreen.storyboard */ = {
			isa = PBXVariantGroup;
			children = (
				041FE1FC1E0A2AE700CC7DFB /* Base */,
			);
			name = LaunchScreen.storyboard;
			sourceTree = "<group>";
		};
/* End PBXVariantGroup section */

/* Begin XCBuildConfiguration section */
		041FE1FF1E0A2AE700CC7DFB /* Debug */ = {
			isa = XCBuildConfiguration;
			buildSettings = {
				ALWAYS_SEARCH_USER_PATHS = NO;
				CLANG_ANALYZER_NONNULL = YES;
				CLANG_CXX_LANGUAGE_STANDARD = "gnu++0x";
				CLANG_CXX_LIBRARY = "libc++";
				CLANG_ENABLE_MODULES = YES;
				CLANG_ENABLE_OBJC_ARC = YES;
				CLANG_WARN_BOOL_CONVERSION = YES;
				CLANG_WARN_CONSTANT_CONVERSION = YES;
				CLANG_WARN_DIRECT_OBJC_ISA_USAGE = YES_ERROR;
				CLANG_WARN_DOCUMENTATION_COMMENTS = YES;
				CLANG_WARN_EMPTY_BODY = YES;
				CLANG_WARN_ENUM_CONVERSION = YES;
				CLANG_WARN_INFINITE_RECURSION = YES;
				CLANG_WARN_INT_CONVERSION = YES;
				CLANG_WARN_OBJC_ROOT_CLASS = YES_ERROR;
				CLANG_WARN_SUSPICIOUS_MOVE = YES;
				CLANG_WARN_UNREACHABLE_CODE = YES;
				CLANG_WARN__DUPLICATE_METHOD_MATCH = YES;
				"CODE_SIGN_IDENTITY[sdk=iphoneos*]" = "iPhone Developer";
				COPY_PHASE_STRIP = NO;
				DEBUG_INFORMATION_FORMAT = dwarf;
				ENABLE_STRICT_OBJC_MSGSEND = YES;
				ENABLE_TESTABILITY = YES;
				GCC_C_LANGUAGE_STANDARD = gnu99;
				GCC_DYNAMIC_NO_PIC = NO;
				GCC_NO_COMMON_BLOCKS = YES;
				GCC_OPTIMIZATION_LEVEL = 0;
				GCC_PREPROCESSOR_DEFINITIONS = (
					"DEBUG=1",
					"$(inherited)",
				);
				GCC_WARN_64_TO_32_BIT_CONVERSION = YES;
				GCC_WARN_ABOUT_RETURN_TYPE = YES_ERROR;
				GCC_WARN_UNDECLARED_SELECTOR = YES;
				GCC_WARN_UNINITIALIZED_AUTOS = YES_AGGRESSIVE;
				GCC_WARN_UNUSED_FUNCTION = YES;
				GCC_WARN_UNUSED_VARIABLE = YES;
				IPHONEOS_DEPLOYMENT_TARGET = 10.2;
				MTL_ENABLE_DEBUG_INFO = YES;
				ONLY_ACTIVE_ARCH = YES;
				SDKROOT = iphoneos;
				SWIFT_ACTIVE_COMPILATION_CONDITIONS = DEBUG;
				SWIFT_OPTIMIZATION_LEVEL = "-Onone";
				TARGETED_DEVICE_FAMILY = "1,2";
			};
			name = Debug;
		};
		041FE2001E0A2AE700CC7DFB /* Release */ = {
			isa = XCBuildConfiguration;
			buildSettings = {
				ALWAYS_SEARCH_USER_PATHS = NO;
				CLANG_ANALYZER_NONNULL = YES;
				CLANG_CXX_LANGUAGE_STANDARD = "gnu++0x";
				CLANG_CXX_LIBRARY = "libc++";
				CLANG_ENABLE_MODULES = YES;
				CLANG_ENABLE_OBJC_ARC = YES;
				CLANG_WARN_BOOL_CONVERSION = YES;
				CLANG_WARN_CONSTANT_CONVERSION = YES;
				CLANG_WARN_DIRECT_OBJC_ISA_USAGE = YES_ERROR;
				CLANG_WARN_DOCUMENTATION_COMMENTS = YES;
				CLANG_WARN_EMPTY_BODY = YES;
				CLANG_WARN_ENUM_CONVERSION = YES;
				CLANG_WARN_INFINITE_RECURSION = YES;
				CLANG_WARN_INT_CONVERSION = YES;
				CLANG_WARN_OBJC_ROOT_CLASS = YES_ERROR;
				CLANG_WARN_SUSPICIOUS_MOVE = YES;
				CLANG_WARN_UNREACHABLE_CODE = YES;
				CLANG_WARN__DUPLICATE_METHOD_MATCH = YES;
				"CODE_SIGN_IDENTITY[sdk=iphoneos*]" = "iPhone Developer";
				COPY_PHASE_STRIP = NO;
				DEBUG_INFORMATION_FORMAT = "dwarf-with-dsym";
				ENABLE_NS_ASSERTIONS = NO;
				ENABLE_STRICT_OBJC_MSGSEND = YES;
				GCC_C_LANGUAGE_STANDARD = gnu99;
				GCC_NO_COMMON_BLOCKS = YES;
				GCC_WARN_64_TO_32_BIT_CONVERSION = YES;
				GCC_WARN_ABOUT_RETURN_TYPE = YES_ERROR;
				GCC_WARN_UNDECLARED_SELECTOR = YES;
				GCC_WARN_UNINITIALIZED_AUTOS = YES_AGGRESSIVE;
				GCC_WARN_UNUSED_FUNCTION = YES;
				GCC_WARN_UNUSED_VARIABLE = YES;
				IPHONEOS_DEPLOYMENT_TARGET = 10.2;
				MTL_ENABLE_DEBUG_INFO = NO;
				SDKROOT = iphoneos;
				SWIFT_OPTIMIZATION_LEVEL = "-Owholemodule";
				TARGETED_DEVICE_FAMILY = "1,2";
				VALIDATE_PRODUCT = YES;
			};
			name = Release;
		};
		041FE2021E0A2AE700CC7DFB /* Debug */ = {
			isa = XCBuildConfiguration;
			baseConfigurationReference = E94B4572F538728D07073430 /* Pods-agora-ios.debug.xcconfig */;
			buildSettings = {
				ALWAYS_EMBED_SWIFT_STANDARD_LIBRARIES = YES;
				ASSETCATALOG_COMPILER_APPICON_NAME = AppIcon;
				INFOPLIST_FILE = "agora-ios/Info.plist";
				LD_RUNPATH_SEARCH_PATHS = "$(inherited) @executable_path/Frameworks";
				PRODUCT_BUNDLE_IDENTIFIER = "thisagora.agora-ios";
				PRODUCT_NAME = "$(TARGET_NAME)";
				SWIFT_VERSION = 3.0;
			};
			name = Debug;
		};
		041FE2031E0A2AE700CC7DFB /* Release */ = {
			isa = XCBuildConfiguration;
			baseConfigurationReference = B16385926A1A301448AFE4DF /* Pods-agora-ios.release.xcconfig */;
			buildSettings = {
				ALWAYS_EMBED_SWIFT_STANDARD_LIBRARIES = YES;
				ASSETCATALOG_COMPILER_APPICON_NAME = AppIcon;
				INFOPLIST_FILE = "agora-ios/Info.plist";
				LD_RUNPATH_SEARCH_PATHS = "$(inherited) @executable_path/Frameworks";
				PRODUCT_BUNDLE_IDENTIFIER = "thisagora.agora-ios";
				PRODUCT_NAME = "$(TARGET_NAME)";
				SWIFT_VERSION = 3.0;
			};
			name = Release;
		};
/* End XCBuildConfiguration section */

/* Begin XCConfigurationList section */
		041FE1E81E0A2AE600CC7DFB /* Build configuration list for PBXProject "agora-ios" */ = {
			isa = XCConfigurationList;
			buildConfigurations = (
				041FE1FF1E0A2AE700CC7DFB /* Debug */,
				041FE2001E0A2AE700CC7DFB /* Release */,
			);
			defaultConfigurationIsVisible = 0;
			defaultConfigurationName = Release;
		};
		041FE2011E0A2AE700CC7DFB /* Build configuration list for PBXNativeTarget "agora-ios" */ = {
			isa = XCConfigurationList;
			buildConfigurations = (
				041FE2021E0A2AE700CC7DFB /* Debug */,
				041FE2031E0A2AE700CC7DFB /* Release */,
			);
			defaultConfigurationIsVisible = 0;
			defaultConfigurationName = Release;
		};
/* End XCConfigurationList section */
	};
	rootObject = 041FE1E51E0A2AE600CC7DFB /* Project object */;
}
